
Microsoft Visual Studio Solution File, Format Version 12.00
# Visual Studio Version 17
VisualStudioVersion = 17.0.31903.59
MinimumVisualStudioVersion = 10.0.40219.1
Project("{FAE04EC0-301F-11D3-BF4B-00C04F79EFBC}") = "SharpSync.Core", "SharpSync.Core\SharpSync.Core.csproj", "{54D918D6-84C1-403F-91FE-91324308EE09}"
EndProject
Project("{FAE04EC0-301F-11D3-BF4B-00C04F79EFBC}") = "SharpSync.Tool", "SharpSync.Tool\SharpSync.Tool.csproj", "{C105113A-01A8-4D30-9F51-1C54212D6E51}"
EndProject
Project("{FAE04EC0-301F-11D3-BF4B-00C04F79EFBC}") = "SharpSync.Example.WebApi", "SharpSync.Example.WebApi\SharpSync.Example.WebApi.csproj", "{BD147202-6168-4F74-ADE3-D9ECA4C51970}"
EndProject
Project("{FAE04EC0-301F-11D3-BF4B-00C04F79EFBC}") = "SharpSync.Tests.Unit", "SharpSync.Tests.Unit\SharpSync.Tests.Unit.csproj", "{0CDFF5F5-7186-4A24-A6FF-30A35E98FE74}"
EndProject
Global
	GlobalSection(SolutionConfigurationPlatforms) = preSolution
		Debug|Any CPU = Debug|Any CPU
		Release|Any CPU = Release|Any CPU
	EndGlobalSection
	GlobalSection(SolutionProperties) = preSolution
		HideSolutionNode = FALSE
	EndGlobalSection
	GlobalSection(ProjectConfigurationPlatforms) = postSolution
		{54D918D6-84C1-403F-91FE-91324308EE09}.Debug|Any CPU.ActiveCfg = Debug|Any CPU
		{54D918D6-84C1-403F-91FE-91324308EE09}.Debug|Any CPU.Build.0 = Debug|Any CPU
		{54D918D6-84C1-403F-91FE-91324308EE09}.Release|Any CPU.ActiveCfg = Release|Any CPU
		{54D918D6-84C1-403F-91FE-91324308EE09}.Release|Any CPU.Build.0 = Release|Any CPU
		{C105113A-01A8-4D30-9F51-1C54212D6E51}.Debug|Any CPU.ActiveCfg = Debug|Any CPU
		{C105113A-01A8-4D30-9F51-1C54212D6E51}.Debug|Any CPU.Build.0 = Debug|Any CPU
		{C105113A-01A8-4D30-9F51-1C54212D6E51}.Release|Any CPU.ActiveCfg = Release|Any CPU
		{C105113A-01A8-4D30-9F51-1C54212D6E51}.Release|Any CPU.Build.0 = Release|Any CPU
		{BD147202-6168-4F74-ADE3-D9ECA4C51970}.Debug|Any CPU.ActiveCfg = Debug|Any CPU
		{BD147202-6168-4F74-ADE3-D9ECA4C51970}.Debug|Any CPU.Build.0 = Debug|Any CPU
		{BD147202-6168-4F74-ADE3-D9ECA4C51970}.Release|Any CPU.ActiveCfg = Release|Any CPU
		{BD147202-6168-4F74-ADE3-D9ECA4C51970}.Release|Any CPU.Build.0 = Release|Any CPU
		{0CDFF5F5-7186-4A24-A6FF-30A35E98FE74}.Debug|Any CPU.ActiveCfg = Debug|Any CPU
		{0CDFF5F5-7186-4A24-A6FF-30A35E98FE74}.Debug|Any CPU.Build.0 = Debug|Any CPU
		{0CDFF5F5-7186-4A24-A6FF-30A35E98FE74}.Release|Any CPU.ActiveCfg = Release|Any CPU
		{0CDFF5F5-7186-4A24-A6FF-30A35E98FE74}.Release|Any CPU.Build.0 = Release|Any CPU
	EndGlobalSection
EndGlobal
